
Microsoft Visual Studio Solution File, Format Version 12.00
# Visual Studio 15
VisualStudioVersion = 15.0.28307.489
MinimumVisualStudioVersion = 10.0.40219.1
Project("{9A19103F-16F7-4668-BE54-9A1E7A4F7556}") = "Tests", "Tests\Tests.csproj", "{AF76C79C-87F8-4F6B-BBBC-5CE010C66A63}"
EndProject
Project("{9A19103F-16F7-4668-BE54-9A1E7A4F7556}") = "Keywords", "Keywords\Keywords.csproj", "{A85FFFA2-CEB2-449F-AA71-957F343E7EF3}"
EndProject
Project("{9A19103F-16F7-4668-BE54-9A1E7A4F7556}") = "UiHelper", "Helper\UiHelper.csproj", "{13E25A4E-3F93-48C7-9B83-5C0263E59AF3}"
EndProject
Project("{9A19103F-16F7-4668-BE54-9A1E7A4F7556}") = "DataProvider", "ClassLibrary2\DataProvider.csproj", "{8A99812C-1443-42F4-8235-7ABFBEB78ACE}"
EndProject
Project("{FAE04EC0-301F-11D3-BF4B-00C04F79EFBC}") = "ApiHelper", "ApiHelper\ApiHelper.csproj", "{50CBBF06-A187-4473-8B96-AD37DE2E06B4}"
EndProject
Project("{9A19103F-16F7-4668-BE54-9A1E7A4F7556}") = "CrossBrowserTesting", "CrossBrowserTesting\CrossBrowserTesting.csproj", "{9E031571-2EB5-4B03-8CB0-D146DCAB9A01}"
EndProject
Global
	GlobalSection(SolutionConfigurationPlatforms) = preSolution
		Debug|Any CPU = Debug|Any CPU
		Release|Any CPU = Release|Any CPU
	EndGlobalSection
	GlobalSection(ProjectConfigurationPlatforms) = postSolution
		{AF76C79C-87F8-4F6B-BBBC-5CE010C66A63}.Debug|Any CPU.ActiveCfg = Debug|Any CPU
		{AF76C79C-87F8-4F6B-BBBC-5CE010C66A63}.Debug|Any CPU.Build.0 = Debug|Any CPU
		{AF76C79C-87F8-4F6B-BBBC-5CE010C66A63}.Release|Any CPU.ActiveCfg = Release|Any CPU
		{AF76C79C-87F8-4F6B-BBBC-5CE010C66A63}.Release|Any CPU.Build.0 = Release|Any CPU
		{A85FFFA2-CEB2-449F-AA71-957F343E7EF3}.Debug|Any CPU.ActiveCfg = Debug|Any CPU
		{A85FFFA2-CEB2-449F-AA71-957F343E7EF3}.Debug|Any CPU.Build.0 = Debug|Any CPU
		{A85FFFA2-CEB2-449F-AA71-957F343E7EF3}.Release|Any CPU.ActiveCfg = Release|Any CPU
		{A85FFFA2-CEB2-449F-AA71-957F343E7EF3}.Release|Any CPU.Build.0 = Release|Any CPU
		{13E25A4E-3F93-48C7-9B83-5C0263E59AF3}.Debug|Any CPU.ActiveCfg = Debug|Any CPU
		{13E25A4E-3F93-48C7-9B83-5C0263E59AF3}.Debug|Any CPU.Build.0 = Debug|Any CPU
		{13E25A4E-3F93-48C7-9B83-5C0263E59AF3}.Release|Any CPU.ActiveCfg = Release|Any CPU
		{13E25A4E-3F93-48C7-9B83-5C0263E59AF3}.Release|Any CPU.Build.0 = Release|Any CPU
		{8A99812C-1443-42F4-8235-7ABFBEB78ACE}.Debug|Any CPU.ActiveCfg = Debug|Any CPU
		{8A99812C-1443-42F4-8235-7ABFBEB78ACE}.Debug|Any CPU.Build.0 = Debug|Any CPU
		{8A99812C-1443-42F4-8235-7ABFBEB78ACE}.Release|Any CPU.ActiveCfg = Release|Any CPU
		{8A99812C-1443-42F4-8235-7ABFBEB78ACE}.Release|Any CPU.Build.0 = Release|Any CPU
		{50CBBF06-A187-4473-8B96-AD37DE2E06B4}.Debug|Any CPU.ActiveCfg = Debug|Any CPU
		{50CBBF06-A187-4473-8B96-AD37DE2E06B4}.Debug|Any CPU.Build.0 = Debug|Any CPU
		{50CBBF06-A187-4473-8B96-AD37DE2E06B4}.Release|Any CPU.ActiveCfg = Release|Any CPU
		{50CBBF06-A187-4473-8B96-AD37DE2E06B4}.Release|Any CPU.Build.0 = Release|Any CPU
		{9E031571-2EB5-4B03-8CB0-D146DCAB9A01}.Debug|Any CPU.ActiveCfg = Debug|Any CPU
		{9E031571-2EB5-4B03-8CB0-D146DCAB9A01}.Debug|Any CPU.Build.0 = Debug|Any CPU
		{9E031571-2EB5-4B03-8CB0-D146DCAB9A01}.Release|Any CPU.ActiveCfg = Release|Any CPU
		{9E031571-2EB5-4B03-8CB0-D146DCAB9A01}.Release|Any CPU.Build.0 = Release|Any CPU
	EndGlobalSection
	GlobalSection(SolutionProperties) = preSolution
		HideSolutionNode = FALSE
	EndGlobalSection
	GlobalSection(ExtensibilityGlobals) = postSolution
		SolutionGuid = {9E27D492-BBEA-4052-B21D-D7D4F44180F5}
	EndGlobalSection
EndGlobal
